// !$*UTF8*$!
{
	archiveVersion = 1;
	classes = {
	};
	objectVersion = 46;
	objects = {

/* Begin PBXBuildFile section */
		BA0B0A431F3B775400C8FC7C /* AppDelegate.swift in Sources */ = {isa = PBXBuildFile; fileRef = BA0B0A421F3B775400C8FC7C /* AppDelegate.swift */; };
		BA0B0A451F3B775400C8FC7C /* ViewController.swift in Sources */ = {isa = PBXBuildFile; fileRef = BA0B0A441F3B775400C8FC7C /* ViewController.swift */; };
		BA0B0A481F3B775400C8FC7C /* Main.storyboard in Resources */ = {isa = PBXBuildFile; fileRef = BA0B0A461F3B775400C8FC7C /* Main.storyboard */; };
		BA0B0A4A1F3B775400C8FC7C /* Assets.xcassets in Resources */ = {isa = PBXBuildFile; fileRef = BA0B0A491F3B775400C8FC7C /* Assets.xcassets */; };
		BA0B0A4D1F3B775400C8FC7C /* LaunchScreen.storyboard in Resources */ = {isa = PBXBuildFile; fileRef = BA0B0A4B1F3B775400C8FC7C /* LaunchScreen.storyboard */; };
/* End PBXBuildFile section */

/* Begin PBXFileReference section */
		BA0B0A3F1F3B775400C8FC7C /* RealmAddressBook.app */ = {isa = PBXFileReference; explicitFileType = wrapper.application; includeInIndex = 0; path = RealmAddressBook.app; sourceTree = BUILT_PRODUCTS_DIR; };
		BA0B0A421F3B775400C8FC7C /* AppDelegate.swift */ = {isa = PBXFileReference; lastKnownFileType = sourcecode.swift; path = AppDelegate.swift; sourceTree = "<group>"; };
		BA0B0A441F3B775400C8FC7C /* ViewController.swift */ = {isa = PBXFileReference; lastKnownFileType = sourcecode.swift; path = ViewController.swift; sourceTree = "<group>"; };
		BA0B0A471F3B775400C8FC7C /* Base */ = {isa = PBXFileReference; lastKnownFileType = file.storyboard; name = Base; path = Base.lproj/Main.storyboard; sourceTree = "<group>"; };
		BA0B0A491F3B775400C8FC7C /* Assets.xcassets */ = {isa = PBXFileReference; lastKnownFileType = folder.assetcatalog; path = Assets.xcassets; sourceTree = "<group>"; };
		BA0B0A4C1F3B775400C8FC7C /* Base */ = {isa = PBXFileReference; lastKnownFileType = file.storyboard; name = Base; path = Base.lproj/LaunchScreen.storyboard; sourceTree = "<group>"; };
		BA0B0A4E1F3B775400C8FC7C /* Info.plist */ = {isa = PBXFileReference; lastKnownFileType = text.plist.xml; path = Info.plist; sourceTree = "<group>"; };
/* End PBXFileReference section */

/* Begin PBXFrameworksBuildPhase section */
		BA0B0A3C1F3B775400C8FC7C /* Frameworks */ = {
			isa = PBXFrameworksBuildPhase;
			buildActionMask = 2147483647;
			files = (
			);
			runOnlyForDeploymentPostprocessing = 0;
		};
/* End PBXFrameworksBuildPhase section */

/* Begin PBXGroup section */
		BA0B0A361F3B775400C8FC7C = {
			isa = PBXGroup;
			children = (
				BA0B0A411F3B775400C8FC7C /* RealmAddressBook */,
				BA0B0A401F3B775400C8FC7C /* Products */,
			);
			sourceTree = "<group>";
		};
		BA0B0A401F3B775400C8FC7C /* Products */ = {
			isa = PBXGroup;
			children = (
				BA0B0A3F1F3B775400C8FC7C /* RealmAddressBook.app */,
			);
			name = Products;
			sourceTree = "<group>";
		};
		BA0B0A411F3B775400C8FC7C /* RealmAddressBook */ = {
			isa = PBXGroup;
			children = (
				BA0B0A421F3B775400C8FC7C /* AppDelegate.swift */,
				BA0B0A441F3B775400C8FC7C /* ViewController.swift */,
				BA0B0A461F3B775400C8FC7C /* Main.storyboard */,
				BA0B0A491F3B775400C8FC7C /* Assets.xcassets */,
				BA0B0A4B1F3B775400C8FC7C /* LaunchScreen.storyboard */,
				BA0B0A4E1F3B775400C8FC7C /* Info.plist */,
			);
			path = RealmAddressBook;
			sourceTree = "<group>";
		};
/* End PBXGroup section */

/* Begin PBXNativeTarget section */
		BA0B0A3E1F3B775400C8FC7C /* RealmAddressBook */ = {
			isa = PBXNativeTarget;
			buildConfigurationList = BA0B0A511F3B775400C8FC7C /* Build configuration list for PBXNativeTarget "RealmAddressBook" */;
			buildPhases = (
				BA0B0A3B1F3B775400C8FC7C /* Sources */,
				BA0B0A3C1F3B775400C8FC7C /* Frameworks */,
				BA0B0A3D1F3B775400C8FC7C /* Resources */,
			);
			buildRules = (
			);
			dependencies = (
			);
			name = RealmAddressBook;
			productName = RealmAddressBook;
			productReference = BA0B0A3F1F3B775400C8FC7C /* RealmAddressBook.app */;
			productType = "com.apple.product-type.application";
		};
/* End PBXNativeTarget section */

/* Begin PBXProject section */
		BA0B0A371F3B775400C8FC7C /* Project object */ = {
			isa = PBXProject;
			attributes = {
				LastSwiftUpdateCheck = 0830;
				LastUpgradeCheck = 0830;
				ORGANIZATIONNAME = "Polestar Interactive LLC";
				TargetAttributes = {
					BA0B0A3E1F3B775400C8FC7C = {
						CreatedOnToolsVersion = 8.3.3;
						DevelopmentTeam = BR4H78C3XC;
						ProvisioningStyle = Automatic;
					};
				};
			};
			buildConfigurationList = BA0B0A3A1F3B775400C8FC7C /* Build configuration list for PBXProject "RealmAddressBook" */;
			compatibilityVersion = "Xcode 3.2";
			developmentRegion = English;
			hasScannedForEncodings = 0;
			knownRegions = (
				en,
				Base,
			);
			mainGroup = BA0B0A361F3B775400C8FC7C;
			productRefGroup = BA0B0A401F3B775400C8FC7C /* Products */;
			projectDirPath = "";
			projectRoot = "";
			targets = (
				BA0B0A3E1F3B775400C8FC7C /* RealmAddressBook */,
			);
		};
/* End PBXProject section */

/* Begin PBXResourcesBuildPhase section */
		BA0B0A3D1F3B775400C8FC7C /* Resources */ = {
			isa = PBXResourcesBuildPhase;
			buildActionMask = 2147483647;
			files = (
				BA0B0A4D1F3B775400C8FC7C /* LaunchScreen.storyboard in Resources */,
				BA0B0A4A1F3B775400C8FC7C /* Assets.xcassets in Resources */,
				BA0B0A481F3B775400C8FC7C /* Main.storyboard in Resources */,
			);
			runOnlyForDeploymentPostprocessing = 0;
		};
/* End PBXResourcesBuildPhase section */

/* Begin PBXSourcesBuildPhase section */
		BA0B0A3B1F3B775400C8FC7C /* Sources */ = {
			isa = PBXSourcesBuildPhase;
			buildActionMask = 2147483647;
			files = (
				BA0B0A451F3B775400C8FC7C /* ViewController.swift in Sources */,
				BA0B0A431F3B775400C8FC7C /* AppDelegate.swift in Sources */,
			);
			runOnlyForDeploymentPostprocessing = 0;
		};
/* End PBXSourcesBuildPhase section */

/* Begin PBXVariantGroup section */
		BA0B0A461F3B775400C8FC7C /* Main.storyboard */ = {
			isa = PBXVariantGroup;
			children = (
				BA0B0A471F3B775400C8FC7C /* Base */,
			);
			name = Main.storyboard;
			sourceTree = "<group>";
		};
		BA0B0A4B1F3B775400C8FC7C /* LaunchScreen.storyboard */ = {
			isa = PBXVariantGroup;
			children = (
				BA0B0A4C1F3B775400C8FC7C /* Base */,
			);
			name = LaunchScreen.storyboard;
			sourceTree = "<group>";
		};
/* End PBXVariantGroup section */

/* Begin XCBuildConfiguration section */
		BA0B0A4F1F3B775400C8FC7C /* Debug */ = {
			isa = XCBuildConfiguration;
			buildSettings = {
				ALWAYS_SEARCH_USER_PATHS = NO;
				CLANG_ANALYZER_NONNULL = YES;
				CLANG_ANALYZER_NUMBER_OBJECT_CONVERSION = YES_AGGRESSIVE;
				CLANG_CXX_LANGUAGE_STANDARD = "gnu++0x";
				CLANG_CXX_LIBRARY = "libc++";
				CLANG_ENABLE_MODULES = YES;
				CLANG_ENABLE_OBJC_ARC = YES;
				CLANG_WARN_BOOL_CONVERSION = YES;
				CLANG_WARN_CONSTANT_CONVERSION = YES;
				CLANG_WARN_DIRECT_OBJC_ISA_USAGE = YES_ERROR;
				CLANG_WARN_DOCUMENTATION_COMMENTS = YES;
				CLANG_WARN_EMPTY_BODY = YES;
				CLANG_WARN_ENUM_CONVERSION = YES;
				CLANG_WARN_INFINITE_RECURSION = YES;
				CLANG_WARN_INT_CONVERSION = YES;
				CLANG_WARN_OBJC_ROOT_CLASS = YES_ERROR;
				CLANG_WARN_SUSPICIOUS_MOVE = YES;
				CLANG_WARN_UNREACHABLE_CODE = YES;
				CLANG_WARN__DUPLICATE_METHOD_MATCH = YES;
				"CODE_SIGN_IDENTITY[sdk=iphoneos*]" = "iPhone Developer";
				COPY_PHASE_STRIP = NO;
				DEBUG_INFORMATION_FORMAT = dwarf;
				ENABLE_STRICT_OBJC_MSGSEND = YES;
				ENABLE_TESTABILITY = YES;
				GCC_C_LANGUAGE_STANDARD = gnu99;
				GCC_DYNAMIC_NO_PIC = NO;
				GCC_NO_COMMON_BLOCKS = YES;
				GCC_OPTIMIZATION_LEVEL = 0;
				GCC_PREPROCESSOR_DEFINITIONS = (
					"DEBUG=1",
					"$(inherited)",
				);
				GCC_WARN_64_TO_32_BIT_CONVERSION = YES;
				GCC_WARN_ABOUT_RETURN_TYPE = YES_ERROR;
				GCC_WARN_UNDECLARED_SELECTOR = YES;
				GCC_WARN_UNINITIALIZED_AUTOS = YES_AGGRESSIVE;
				GCC_WARN_UNUSED_FUNCTION = YES;
				GCC_WARN_UNUSED_VARIABLE = YES;
				IPHONEOS_DEPLOYMENT_TARGET = 10.3;
				MTL_ENABLE_DEBUG_INFO = YES;
				ONLY_ACTIVE_ARCH = YES;
				SDKROOT = iphoneos;
				SWIFT_ACTIVE_COMPILATION_CONDITIONS = DEBUG;
				SWIFT_OPTIMIZATION_LEVEL = "-Onone";
				TARGETED_DEVICE_FAMILY = "1,2";
			};
			name = Debug;
		};
		BA0B0A501F3B775400C8FC7C /* Release */ = {
			isa = XCBuildConfiguration;
			buildSettings = {
				ALWAYS_SEARCH_USER_PATHS = NO;
				CLANG_ANALYZER_NONNULL = YES;
				CLANG_ANALYZER_NUMBER_OBJECT_CONVERSION = YES_AGGRESSIVE;
				CLANG_CXX_LANGUAGE_STANDARD = "gnu++0x";
				CLANG_CXX_LIBRARY = "libc++";
				CLANG_ENABLE_MODULES = YES;
				CLANG_ENABLE_OBJC_ARC = YES;
				CLANG_WARN_BOOL_CONVERSION = YES;
				CLANG_WARN_CONSTANT_CONVERSION = YES;
				CLANG_WARN_DIRECT_OBJC_ISA_USAGE = YES_ERROR;
				CLANG_WARN_DOCUMENTATION_COMMENTS = YES;
				CLANG_WARN_EMPTY_BODY = YES;
				CLANG_WARN_ENUM_CONVERSION = YES;
				CLANG_WARN_INFINITE_RECURSION = YES;
				CLANG_WARN_INT_CONVERSION = YES;
				CLANG_WARN_OBJC_ROOT_CLASS = YES_ERROR;
				CLANG_WARN_SUSPICIOUS_MOVE = YES;
				CLANG_WARN_UNREACHABLE_CODE = YES;
				CLANG_WARN__DUPLICATE_METHOD_MATCH = YES;
				"CODE_SIGN_IDENTITY[sdk=iphoneos*]" = "iPhone Developer";
				COPY_PHASE_STRIP = NO;
				DEBUG_INFORMATION_FORMAT = "dwarf-with-dsym";
				ENABLE_NS_ASSERTIONS = NO;
				ENABLE_STRICT_OBJC_MSGSEND = YES;
				GCC_C_LANGUAGE_STANDARD = gnu99;
				GCC_NO_COMMON_BLOCKS = YES;
				GCC_WARN_64_TO_32_BIT_CONVERSION = YES;
				GCC_WARN_ABOUT_RETURN_TYPE = YES_ERROR;
				GCC_WARN_UNDECLARED_SELECTOR = YES;
				GCC_WARN_UNINITIALIZED_AUTOS = YES_AGGRESSIVE;
				GCC_WARN_UNUSED_FUNCTION = YES;
				GCC_WARN_UNUSED_VARIABLE = YES;
				IPHONEOS_DEPLOYMENT_TARGET = 10.3;
				MTL_ENABLE_DEBUG_INFO = NO;
				SDKROOT = iphoneos;
				SWIFT_OPTIMIZATION_LEVEL = "-Owholemodule";
				TARGETED_DEVICE_FAMILY = "1,2";
				VALIDATE_PRODUCT = YES;
			};
			name = Release;
		};
		BA0B0A521F3B775400C8FC7C /* Debug */ = {
			isa = XCBuildConfiguration;
			buildSettings = {
				ASSETCATALOG_COMPILER_APPICON_NAME = AppIcon;
				DEVELOPMENT_TEAM = BR4H78C3XC;
				INFOPLIST_FILE = RealmAddressBook/Info.plist;
				LD_RUNPATH_SEARCH_PATHS = "$(inherited) @executable_path/Frameworks";
				PRODUCT_BUNDLE_IDENTIFIER = com.patrickBellot.RealmAddressBook;
				PRODUCT_NAME = "$(TARGET_NAME)";
				SWIFT_VERSION = 3.0;
			};
			name = Debug;
		};
		BA0B0A531F3B775400C8FC7C /* Release */ = {
			isa = XCBuildConfiguration;
			buildSettings = {
				ASSETCATALOG_COMPILER_APPICON_NAME = AppIcon;
				DEVELOPMENT_TEAM = BR4H78C3XC;
				INFOPLIST_FILE = RealmAddressBook/Info.plist;
				LD_RUNPATH_SEARCH_PATHS = "$(inherited) @executable_path/Frameworks";
				PRODUCT_BUNDLE_IDENTIFIER = com.patrickBellot.RealmAddressBook;
				PRODUCT_NAME = "$(TARGET_NAME)";
				SWIFT_VERSION = 3.0;
			};
			name = Release;
		};
/* End XCBuildConfiguration section */

/* Begin XCConfigurationList section */
		BA0B0A3A1F3B775400C8FC7C /* Build configuration list for PBXProject "RealmAddressBook" */ = {
			isa = XCConfigurationList;
			buildConfigurations = (
				BA0B0A4F1F3B775400C8FC7C /* Debug */,
				BA0B0A501F3B775400C8FC7C /* Release */,
			);
			defaultConfigurationIsVisible = 0;
			defaultConfigurationName = Release;
		};
		BA0B0A511F3B775400C8FC7C /* Build configuration list for PBXNativeTarget "RealmAddressBook" */ = {
			isa = XCConfigurationList;
			buildConfigurations = (
				BA0B0A521F3B775400C8FC7C /* Debug */,
				BA0B0A531F3B775400C8FC7C /* Release */,
			);
			defaultConfigurationIsVisible = 0;
		};
/* End XCConfigurationList section */
	};
	rootObject = BA0B0A371F3B775400C8FC7C /* Project object */;
}
